
Microsoft Visual Studio Solution File, Format Version 12.00
# Visual Studio Version 17
VisualStudioVersion = 17.4.33122.133
MinimumVisualStudioVersion = 10.0.40219.1
Project("{2150E333-8FDC-42A3-9474-1A3956D46DE8}") = "src", "src", "{2238DFF8-8F3C-4C9C-9E88-39702446E7CD}"
EndProject
Project("{2150E333-8FDC-42A3-9474-1A3956D46DE8}") = "tests", "tests", "{1B0248DB-B2ED-4AF0-B8EE-336A022D137C}"
EndProject
Project("{9A19103F-16F7-4668-BE54-9A1E7A4F7556}") = "Codeflix.Catalog.UnitTests", "tests\Codeflix.Catalog.UnitTests\Codeflix.Catalog.UnitTests.csproj", "{D1CA0087-0512-4948-89D8-00FF05019EFC}"
EndProject
Project("{9A19103F-16F7-4668-BE54-9A1E7A4F7556}") = "Codeflix.Catalog.Domain", "src\Codeflix.Catalog.Domain\Codeflix.Catalog.Domain.csproj", "{ED6FEAAA-312C-483F-B19C-FD4BB9FE2203}"
EndProject
Project("{9A19103F-16F7-4668-BE54-9A1E7A4F7556}") = "Codeflix.Catalog.Application", "src\Codeflix.Catalog.Application\Codeflix.Catalog.Application.csproj", "{B92B737B-344D-427A-B690-256532B69728}"
EndProject
Project("{FAE04EC0-301F-11D3-BF4B-00C04F79EFBC}") = "Codeflix.Catalog.IntegrationTests", "tests\Codeflix.Catalog.IntegrationTests\Codeflix.Catalog.IntegrationTests.csproj", "{EAA5952B-AA2F-4DB1-A0C6-108B9509D131}"
EndProject
Project("{FAE04EC0-301F-11D3-BF4B-00C04F79EFBC}") = "Codeflix.Category.Infra.Data.EF", "src\Codeflix.Category.Infra.Data.EF\Codeflix.Category.Infra.Data.EF.csproj", "{0BC9BC24-8D83-4E7F-8230-7CD39F276253}"
EndProject
Global
	GlobalSection(SolutionConfigurationPlatforms) = preSolution
		Debug|Any CPU = Debug|Any CPU
		Release|Any CPU = Release|Any CPU
	EndGlobalSection
	GlobalSection(ProjectConfigurationPlatforms) = postSolution
		{D1CA0087-0512-4948-89D8-00FF05019EFC}.Debug|Any CPU.ActiveCfg = Debug|Any CPU
		{D1CA0087-0512-4948-89D8-00FF05019EFC}.Debug|Any CPU.Build.0 = Debug|Any CPU
		{D1CA0087-0512-4948-89D8-00FF05019EFC}.Release|Any CPU.ActiveCfg = Release|Any CPU
		{D1CA0087-0512-4948-89D8-00FF05019EFC}.Release|Any CPU.Build.0 = Release|Any CPU
		{ED6FEAAA-312C-483F-B19C-FD4BB9FE2203}.Debug|Any CPU.ActiveCfg = Debug|Any CPU
		{ED6FEAAA-312C-483F-B19C-FD4BB9FE2203}.Debug|Any CPU.Build.0 = Debug|Any CPU
		{ED6FEAAA-312C-483F-B19C-FD4BB9FE2203}.Release|Any CPU.ActiveCfg = Release|Any CPU
		{ED6FEAAA-312C-483F-B19C-FD4BB9FE2203}.Release|Any CPU.Build.0 = Release|Any CPU
		{B92B737B-344D-427A-B690-256532B69728}.Debug|Any CPU.ActiveCfg = Debug|Any CPU
		{B92B737B-344D-427A-B690-256532B69728}.Debug|Any CPU.Build.0 = Debug|Any CPU
		{B92B737B-344D-427A-B690-256532B69728}.Release|Any CPU.ActiveCfg = Release|Any CPU
		{B92B737B-344D-427A-B690-256532B69728}.Release|Any CPU.Build.0 = Release|Any CPU
		{EAA5952B-AA2F-4DB1-A0C6-108B9509D131}.Debug|Any CPU.ActiveCfg = Debug|Any CPU
		{EAA5952B-AA2F-4DB1-A0C6-108B9509D131}.Debug|Any CPU.Build.0 = Debug|Any CPU
		{EAA5952B-AA2F-4DB1-A0C6-108B9509D131}.Release|Any CPU.ActiveCfg = Release|Any CPU
		{EAA5952B-AA2F-4DB1-A0C6-108B9509D131}.Release|Any CPU.Build.0 = Release|Any CPU
		{0BC9BC24-8D83-4E7F-8230-7CD39F276253}.Debug|Any CPU.ActiveCfg = Debug|Any CPU
		{0BC9BC24-8D83-4E7F-8230-7CD39F276253}.Debug|Any CPU.Build.0 = Debug|Any CPU
		{0BC9BC24-8D83-4E7F-8230-7CD39F276253}.Release|Any CPU.ActiveCfg = Release|Any CPU
		{0BC9BC24-8D83-4E7F-8230-7CD39F276253}.Release|Any CPU.Build.0 = Release|Any CPU
	EndGlobalSection
	GlobalSection(SolutionProperties) = preSolution
		HideSolutionNode = FALSE
	EndGlobalSection
	GlobalSection(NestedProjects) = preSolution
		{D1CA0087-0512-4948-89D8-00FF05019EFC} = {1B0248DB-B2ED-4AF0-B8EE-336A022D137C}
		{ED6FEAAA-312C-483F-B19C-FD4BB9FE2203} = {2238DFF8-8F3C-4C9C-9E88-39702446E7CD}
		{B92B737B-344D-427A-B690-256532B69728} = {2238DFF8-8F3C-4C9C-9E88-39702446E7CD}
		{EAA5952B-AA2F-4DB1-A0C6-108B9509D131} = {1B0248DB-B2ED-4AF0-B8EE-336A022D137C}
		{0BC9BC24-8D83-4E7F-8230-7CD39F276253} = {2238DFF8-8F3C-4C9C-9E88-39702446E7CD}
	EndGlobalSection
	GlobalSection(ExtensibilityGlobals) = postSolution
		SolutionGuid = {7078ECFF-3B96-4912-B841-30C2D42A45E3}
	EndGlobalSection
EndGlobal
